PODS:
  - SDWebImage (5.19.7):
    - SDWebImage/Core (= 5.19.7)
  - SDWebImage/Core (5.19.7)

DEPENDENCIES:
  - SDWebImage

SPEC REPOS:
  trunk:
    - SDWebImage

SPEC CHECKSUMS:
  SDWebImage: 8a6b7b160b4d710e2a22b6900e25301075c34cb3

PODFILE CHECKSUM: a27c05aa99f6e48b3deb8c3c96d042a17ae4097a

COCOAPODS: 1.15.2
